{
	"requires": true,
	"lockfileVersion": 1,
	"dependencies": {
		"tiny-conf-plugin-file": {
			"version": "1.1.2",
			"resolved": "https://registry.npmjs.org/tiny-conf-plugin-file/-/tiny-conf-plugin-file-1.1.2.tgz",
			"integrity": "sha512-CKV9QvsZemTe73IokpkP2MsHHSQWMoHkrpLfJW6IBmuv6TAVr3mnW1fL5NIHCwrB9SQM5n1YSqoAn2+2//kAhQ=="
		}
	}
}
