{
	"requires": true,
	"lockfileVersion": 1,
	"dependencies": {
		"tiny-conf-plugin-file": {
			"version": "1.1.1",
			"resolved": "https://registry.npmjs.org/tiny-conf-plugin-file/-/tiny-conf-plugin-file-1.1.1.tgz",
			"integrity": "sha512-8F1oA0eHyMnLFjW6sy/LxZ1kuFmZjfW/s8mWLRZ5gxXLqbVouPoO5LkiMotwvXyoDcBJPpMQSSp6WQs0Ca7JpA=="
		}
	}
}
